
Microsoft Visual Studio Solution File, Format Version 12.00
# Visual Studio Version 17
VisualStudioVersion = 17.8.34330.188
MinimumVisualStudioVersion = 10.0.40219.1
Project("{9A19103F-16F7-4668-BE54-9A1E7A4F7556}") = "APIs", "APIs\APIs.csproj", "{75761EAD-8652-48E4-827B-8D9F0562B819}"
EndProject
Project("{9A19103F-16F7-4668-BE54-9A1E7A4F7556}") = "Domain", "Domain\Domain.csproj", "{8A43B334-D5D4-4940-8F7D-058A8F6953F9}"
EndProject
Project("{9A19103F-16F7-4668-BE54-9A1E7A4F7556}") = "Application", "Application\Application.csproj", "{81EFE5C4-0F5F-470A-B178-CF7A65FB6EF1}"
EndProject
Project("{9A19103F-16F7-4668-BE54-9A1E7A4F7556}") = "UnitTesting", "UnitTesting\UnitTesting.csproj", "{A08D6FB1-37BF-427B-A421-5659838AFE55}"
EndProject
Project("{9A19103F-16F7-4668-BE54-9A1E7A4F7556}") = "Infrastructure", "Infrastructure\Infrastructure.csproj", "{6D557889-A1EF-438B-B6A3-DB81D58475BA}"
EndProject
Project("{9A19103F-16F7-4668-BE54-9A1E7A4F7556}") = "CustomIdentity", "XIdentity\CustomIdentity.csproj", "{5880F399-9563-4640-BA9E-6E04CDE69F33}"
EndProject
Global
	GlobalSection(SolutionConfigurationPlatforms) = preSolution
		Debug|Any CPU = Debug|Any CPU
		Release|Any CPU = Release|Any CPU
	EndGlobalSection
	GlobalSection(ProjectConfigurationPlatforms) = postSolution
		{75761EAD-8652-48E4-827B-8D9F0562B819}.Debug|Any CPU.ActiveCfg = Debug|Any CPU
		{75761EAD-8652-48E4-827B-8D9F0562B819}.Debug|Any CPU.Build.0 = Debug|Any CPU
		{75761EAD-8652-48E4-827B-8D9F0562B819}.Release|Any CPU.ActiveCfg = Release|Any CPU
		{75761EAD-8652-48E4-827B-8D9F0562B819}.Release|Any CPU.Build.0 = Release|Any CPU
		{8A43B334-D5D4-4940-8F7D-058A8F6953F9}.Debug|Any CPU.ActiveCfg = Debug|Any CPU
		{8A43B334-D5D4-4940-8F7D-058A8F6953F9}.Debug|Any CPU.Build.0 = Debug|Any CPU
		{8A43B334-D5D4-4940-8F7D-058A8F6953F9}.Release|Any CPU.ActiveCfg = Release|Any CPU
		{8A43B334-D5D4-4940-8F7D-058A8F6953F9}.Release|Any CPU.Build.0 = Release|Any CPU
		{81EFE5C4-0F5F-470A-B178-CF7A65FB6EF1}.Debug|Any CPU.ActiveCfg = Debug|Any CPU
		{81EFE5C4-0F5F-470A-B178-CF7A65FB6EF1}.Debug|Any CPU.Build.0 = Debug|Any CPU
		{81EFE5C4-0F5F-470A-B178-CF7A65FB6EF1}.Release|Any CPU.ActiveCfg = Release|Any CPU
		{81EFE5C4-0F5F-470A-B178-CF7A65FB6EF1}.Release|Any CPU.Build.0 = Release|Any CPU
		{A08D6FB1-37BF-427B-A421-5659838AFE55}.Debug|Any CPU.ActiveCfg = Debug|Any CPU
		{A08D6FB1-37BF-427B-A421-5659838AFE55}.Debug|Any CPU.Build.0 = Debug|Any CPU
		{A08D6FB1-37BF-427B-A421-5659838AFE55}.Release|Any CPU.ActiveCfg = Release|Any CPU
		{A08D6FB1-37BF-427B-A421-5659838AFE55}.Release|Any CPU.Build.0 = Release|Any CPU
		{6D557889-A1EF-438B-B6A3-DB81D58475BA}.Debug|Any CPU.ActiveCfg = Debug|Any CPU
		{6D557889-A1EF-438B-B6A3-DB81D58475BA}.Debug|Any CPU.Build.0 = Debug|Any CPU
		{6D557889-A1EF-438B-B6A3-DB81D58475BA}.Release|Any CPU.ActiveCfg = Release|Any CPU
		{6D557889-A1EF-438B-B6A3-DB81D58475BA}.Release|Any CPU.Build.0 = Release|Any CPU
		{5880F399-9563-4640-BA9E-6E04CDE69F33}.Debug|Any CPU.ActiveCfg = Debug|Any CPU
		{5880F399-9563-4640-BA9E-6E04CDE69F33}.Debug|Any CPU.Build.0 = Debug|Any CPU
		{5880F399-9563-4640-BA9E-6E04CDE69F33}.Release|Any CPU.ActiveCfg = Release|Any CPU
		{5880F399-9563-4640-BA9E-6E04CDE69F33}.Release|Any CPU.Build.0 = Release|Any CPU
	EndGlobalSection
	GlobalSection(SolutionProperties) = preSolution
		HideSolutionNode = FALSE
	EndGlobalSection
	GlobalSection(ExtensibilityGlobals) = postSolution
		SolutionGuid = {885C8676-A802-4008-91FE-4CA85FC025FE}
	EndGlobalSection
EndGlobal
